
Microsoft Visual Studio Solution File, Format Version 12.00
# Visual Studio Version 17
VisualStudioVersion = 17.2.32526.322
MinimumVisualStudioVersion = 10.0.40219.1
Project("{FAE04EC0-301F-11D3-BF4B-00C04F79EFBC}") = "Teltonika_speedtest_task", "Teltonika_speedtest_task\Teltonika_speedtest_task.csproj", "{92533A96-C48B-4C7F-9DD6-AB28DF534639}"
EndProject
Global
	GlobalSection(SolutionConfigurationPlatforms) = preSolution
		Debug|Any CPU = Debug|Any CPU
		Release|Any CPU = Release|Any CPU
	EndGlobalSection
	GlobalSection(ProjectConfigurationPlatforms) = postSolution
		{92533A96-C48B-4C7F-9DD6-AB28DF534639}.Debug|Any CPU.ActiveCfg = Debug|Any CPU
		{92533A96-C48B-4C7F-9DD6-AB28DF534639}.Debug|Any CPU.Build.0 = Debug|Any CPU
		{92533A96-C48B-4C7F-9DD6-AB28DF534639}.Release|Any CPU.ActiveCfg = Release|Any CPU
		{92533A96-C48B-4C7F-9DD6-AB28DF534639}.Release|Any CPU.Build.0 = Release|Any CPU
	EndGlobalSection
	GlobalSection(SolutionProperties) = preSolution
		HideSolutionNode = FALSE
	EndGlobalSection
	GlobalSection(ExtensibilityGlobals) = postSolution
		SolutionGuid = {B359B2B6-980F-4DAA-8AEA-BB08C369B539}
	EndGlobalSection
EndGlobal
